github.com/fogfish/it/v2 v2.2.1 h1:NuuaENAZka8XiJkEj2Q6THRsHSwleC/BLDux82NvkII=
github.com/fogfish/it/v2 v2.2.1/go.mod h1:HHwufnTaZTvlRVnSesPl49HzzlMrQtweKbf+8Co/ll4=
github.com/kshard/chatter v0.4.1 h1:pR/U0yVtPfr+swQGic/fM506Je8EUK18gfo2zC4I0Tc=
github.com/kshard/chatter v0.4.1/go.mod h1:Pwbm1klpVVRIe/uII+95cpf31dVE4gRz21XZUMpX5n8=
