github.com/Masterminds/semver/v3 v3.2.1 h1:RN9w6+7QoMeJVGyfmbcgs28Br8cvmnucEXnY0rYXWg0=
github.com/Masterminds/semver/v3 v3.2.1/go.mod h1:qvl/7zhW3nngYb5+80sSMF+FG2BjYrf8m9wsX0PNOMQ=
github.com/aws/aws-cdk-go/awscdk/v2 v2.164.1 h1:zwKUURxeYVHDyJCnvzTwnu6pFtRxsV7ecIexXhX/qtE=
github.com/aws/aws-cdk-go/awscdk/v2 v2.164.1/go.mod h1:yYaymWYxyViLcsF3+rX8gq8MBkViop4q392HsOuAi9M=
github.com/aws/aws-sdk-go-v2 v1.32.3 h1:T0dRlFBKcdaUPGNtkBSwHZxrtis8CQU17UpNBZYd0wk=
github.com/aws/aws-sdk-go-v2 v1.32.3/go.mod h1:2SK5n0a2karNTv5tbP1SjsX0uhttou00v/HpXKM1ZUo=
github.com/aws/aws-sdk-go-v2/aws/protocol/eventstream v1.6.2 h1:x6xsQXGSmW6frevwDA+vi/wqhp1ct18mVXYN08/93to=
github.com/aws/aws-sdk-go-v2/aws/protocol/eventstream v1.6.2/go.mod h1:lPprDr1e6cJdyYeGXnRaJoP4Md+cDBvi2eOj00BlGmg=
github.com/aws/aws-sdk-go-v2/config v1.27.11 h1:f47rANd2LQEYHda2ddSCKYId18/8BhSRM4BULGmfgNA=
github.com/aws/aws-sdk-go-v2/config v1.27.11/go.mod h1:SMsV78RIOYdve1vf36z8LmnszlRWkwMQtomCAI0/mIE=
github.com/aws/aws-sdk-go-v2/credentials v1.17.11 h1:YuIB1dJNf1Re822rriUOTxopaHHvIq0l/pX3fwO+Tzs=
github.com/aws/aws-sdk-go-v2/credentials v1.17.11/go.mod h1:AQtFPsDH9bI2O+71anW6EKL+NcD7LG3dpKGMV4SShgo=
github.com/aws/aws-sdk-go-v2/feature/ec2/imds v1.16.1 h1:FVJ0r5XTHSmIHJV6KuDmdYhEpvlHpiSd38RQWhut5J4=
github.com/aws/aws-sdk-go-v2/feature/ec2/imds v1.16.1/go.mod h1:zusuAeqezXzAB24LGuzuekqMAEgWkVYukBec3kr3jUg=
github.com/aws/aws-sdk-go-v2/feature/s3/manager v1.16.15 h1:7Zwtt/lP3KNRkeZre7soMELMGNoBrutx8nobg1jKWmo=
github.com/aws/aws-sdk-go-v2/feature/s3/manager v1.16.15/go.mod h1:436h2adoHb57yd+8W+gYPrrA9U/R/SuAuOO42Ushzhw=
github.com/aws/aws-sdk-go-v2/internal/configsources v1.3.22 h1:Jw50LwEkVjuVzE1NzkhNKkBf9cRN7MtE1F/b2cOKTUM=
github.com/aws/aws-sdk-go-v2/internal/configsources v1.3.22/go.mod h1:Y/SmAyPcOTmpeVaWSzSKiILfXTVJwrGmYZhcRbhWuEY=
github.com/aws/aws-sdk-go-v2/internal/endpoints/v2 v2.6.22 h1:981MHwBaRZM7+9QSR6XamDzF/o7ouUGxFzr+nVSIhrs=
github.com/aws/aws-sdk-go-v2/internal/endpoints/v2 v2.6.22/go.mod h1:1RA1+aBEfn+CAB/Mh0MB6LsdCYCnjZm7tKXtnk499ZQ=
github.com/aws/aws-sdk-go-v2/internal/ini v1.8.0 h1:hT8rVHwugYE2lEfdFE0QWVo81lF7jMrYJVDWI+f+VxU=
github.com/aws/aws-sdk-go-v2/internal/ini v1.8.0/go.mod h1:8tu/lYfQfFe6IGnaOdrpVgEL2IrrDOf6/m9RQum4NkY=
github.com/aws/aws-sdk-go-v2/internal/v4a v1.3.5 h1:81KE7vaZzrl7yHBYHVEzYB8sypz11NMOZ40YlWvPxsU=
github.com/aws/aws-sdk-go-v2/internal/v4a v1.3.5/go.mod h1:LIt2rg7Mcgn09Ygbdh/RdIm0rQ+3BNkbP1gyVMFtRK0=
github.com/aws/aws-sdk-go-v2/service/bedrock v1.22.0 h1:GgUY0v4pFr2QTsVJxVgrRF76HjmjEJz4qLMzjB2eTuc=
github.com/aws/aws-sdk-go-v2/service/bedrock v1.22.0/go.mod h1:LO5BBSOckiMZWqSvVY8eVEEp4G6ymNepi5q/uS1ylrw=
github.com/aws/aws-sdk-go-v2/service/bedrockruntime v1.7.1 h1:3QbuXUFmX7uLRWsA4wbj1G2jNTgvK2MdCfzbO0VkeSE=
github.com/aws/aws-sdk-go-v2/service/bedrockruntime v1.7.1/go.mod h1:0S4p4IdEhakLLKoVwmI3vIoOtIt17TFo4QUFuez9O0Y=
github.com/aws/aws-sdk-go-v2/service/internal/accept-encoding v1.11.2 h1:Ji0DY1xUsUr3I8cHps0G+XM3WWU16lP6yG8qu1GAZAs=
github.com/aws/aws-sdk-go-v2/service/internal/accept-encoding v1.11.2/go.mod h1:5CsjAbs3NlGQyZNFACh+zztPDI7fU6eW9QsxjfnuBKg=
github.com/aws/aws-sdk-go-v2/service/internal/checksum v1.3.7 h1:ZMeFZ5yk+Ek+jNr1+uwCd2tG89t6oTS5yVWpa6yy2es=
github.com/aws/aws-sdk-go-v2/service/internal/checksum v1.3.7/go.mod h1:mxV05U+4JiHqIpGqqYXOHLPKUC6bDXC44bsUhNjOEwY=
github.com/aws/aws-sdk-go-v2/service/internal/presigned-url v1.11.7 h1:ogRAwT1/gxJBcSWDMZlgyFUM962F51A5CRhDLbxLdmo=
github.com/aws/aws-sdk-go-v2/service/internal/presigned-url v1.11.7/go.mod h1:YCsIZhXfRPLFFCl5xxY+1T9RKzOKjCut+28JSX2DnAk=
github.com/aws/aws-sdk-go-v2/service/internal/s3shared v1.17.5 h1:f9RyWNtS8oH7cZlbn+/JNPpjUk5+5fLd5lM9M0i49Ys=
github.com/aws/aws-sdk-go-v2/service/internal/s3shared v1.17.5/go.mod h1:h5CoMZV2VF297/VLhRhO1WF+XYWOzXo+4HsObA4HjBQ=
github.com/aws/aws-sdk-go-v2/service/s3 v1.53.1 h1:6cnno47Me9bRykw9AEv9zkXE+5or7jz8TsskTTccbgc=
github.com/aws/aws-sdk-go-v2/service/s3 v1.53.1/go.mod h1:qmdkIIAC+GCLASF7R2whgNrJADz0QZPX+Seiw/i4S3o=
github.com/aws/aws-sdk-go-v2/service/sso v1.20.5 h1:vN8hEbpRnL7+Hopy9dzmRle1xmDc7o8tmY0klsr175w=
github.com/aws/aws-sdk-go-v2/service/sso v1.20.5/go.mod h1:qGzynb/msuZIE8I75DVRCUXw3o3ZyBmUvMwQ2t/BrGM=
github.com/aws/aws-sdk-go-v2/service/ssooidc v1.23.4 h1:Jux+gDDyi1Lruk+KHF91tK2KCuY61kzoCpvtvJJBtOE=
github.com/aws/aws-sdk-go-v2/service/ssooidc v1.23.4/go.mod h1:mUYPBhaF2lGiukDEjJX2BLRRKTmoUSitGDUgM4tRxak=
github.com/aws/aws-sdk-go-v2/service/sts v1.28.6 h1:cwIxeBttqPN3qkaAjcEcsh8NYr8n2HZPkcKgPAi1phU=
github.com/aws/aws-sdk-go-v2/service/sts v1.28.6/go.mod h1:FZf1/nKNEkHdGGJP/cI2MoIMquumuRK6ol3QQJNDxmw=
github.com/aws/constructs-go/constructs/v10 v10.4.2 h1:+hDLTsFGLJmKIn0Dg20vWpKBrVnFrEWYgTEY5UiTEG8=
github.com/aws/constructs-go/constructs/v10 v10.4.2/go.mod h1:cXsNCKDV+9eR9zYYfwy6QuE4uPFp6jsq6TtH1MwBx9w=
github.com/aws/jsii-runtime-go v1.103.1 h1:7CwjdpiSrylOeuYP1LzHu2AJKV2K65P89nuOC/8Do7g=
github.com/aws/jsii-runtime-go v1.103.1/go.mod h1:PPR8BRc8cv9lDs5gDPe2SGG4+crOahE4SRrNHR1SvhA=
github.com/aws/smithy-go v1.22.0 h1:uunKnWlcoL3zO7q+gG2Pk53joueEOsnNB28QdMsmiMM=
github.com/aws/smithy-go v1.22.0/go.mod h1:irrKGvNn1InZwb2d7fkIRNucdfwR8R+Ts3wxYa/cJHg=
github.com/cdklabs/awscdk-asset-awscli-go/awscliv1/v2 v2.2.202 h1:VixXB9DnHN8oP7pXipq8GVFPjWCOdeNxIaS/ZyUwTkI=
github.com/cdklabs/awscdk-asset-awscli-go/awscliv1/v2 v2.2.202/go.mod h1:iPUti/SWjA3XAS3CpnLciFjS8TN9Y+8mdZgDfSgcyus=
github.com/cdklabs/awscdk-asset-kubectl-go/kubectlv20/v2 v2.1.2 h1:k+WD+6cERd59Mao84v0QtRrcdZuuSMfzlEmuIypKnVs=
github.com/cdklabs/awscdk-asset-kubectl-go/kubectlv20/v2 v2.1.2/go.mod h1:CvFHBo0qcg8LUkJqIxQtP1rD/sNGv9bX3L2vHT2FUAo=
github.com/cdklabs/awscdk-asset-node-proxy-agent-go/nodeproxyagentv6/v2 v2.1.0 h1:kElXjprC8wkpJu58vp+WFH6z0AJw4zitg5iSKJPKe3c=
github.com/cdklabs/awscdk-asset-node-proxy-agent-go/nodeproxyagentv6/v2 v2.1.0/go.mod h1:JY4UnvNa1YDGQ4H5wohXTHl6YVY3uCDUWl4JYUrQfb8=
github.com/cdklabs/cloud-assembly-schema-go/awscdkcloudassemblyschema/v38 v38.0.1 h1:EJ0N5jiEm1bet7Mu8IU5ccERvOpki10wI0zOhIQCO1U=
github.com/cdklabs/cloud-assembly-schema-go/awscdkcloudassemblyschema/v38 v38.0.1/go.mod h1:WMWAzkRBUPWJ5Ord1ZL2KOTdqByf01PoL5EV9K9PYKQ=
github.com/davecgh/go-spew v1.1.1 h1:vj9j/u1bqnvCEfJOwUhtlOARqs3+rkHYY13jYWTU97c=
github.com/davecgh/go-spew v1.1.1/go.mod h1:J7Y8YcW2NihsgmVo/mv3lAwl/skON4iLHjSsI+c5H38=
github.com/fatih/color v1.17.0 h1:GlRw1BRJxkpqUCBKzKOw098ed57fEsKeNjpTe3cSjK4=
github.com/fatih/color v1.17.0/go.mod h1:YZ7TlrGPkiz6ku9fK3TLD/pl3CpsiFyu8N92HLgmosI=
github.com/fogfish/golem/hseq v1.2.0 h1:B6yrzOHQNoTqSlhLb+AvK7dhEAELjHThrCQTF/uqwbM=
github.com/fogfish/golem/hseq v1.2.0/go.mod h1:17XORt8nNKl6KOhF43MHSmjK8NksbkBsohAoJGiinUs=
github.com/fogfish/golem/optics v0.13.1 h1:gkvJ5f7/AXaL8EuHLu5dgE/BwUSg/WX50D7b8f4G+6s=
github.com/fogfish/golem/optics v0.13.1/go.mod h1:U1y90OVcXF/A61dIP3abQ0x2GweTmzVHPC15pv0pcM0=
github.com/fogfish/guid/v2 v2.1.0 h1:oEJHKM4yFOOCmKZdh0oH7eD3mL32n2+1YCc27lXB5rE=
github.com/fogfish/guid/v2 v2.1.0/go.mod h1:KkZ5T4EE3BqWQJFZBPLSHV/tBe23Xq4KvuPfwtNtepU=
github.com/fogfish/it/v2 v2.2.1 h1:NuuaENAZka8XiJkEj2Q6THRsHSwleC/BLDux82NvkII=
github.com/fogfish/it/v2 v2.2.1/go.mod h1:HHwufnTaZTvlRVnSesPl49HzzlMrQtweKbf+8Co/ll4=
github.com/fogfish/opts v0.0.2 h1:Iro+QQHR/l6G5afX6N5TtqZtV+iVeUxJUOpW63gqhwk=
github.com/fogfish/opts v0.0.2/go.mod h1:fAM7yksrn+u5opbyAh2HiObd5Zx54WnSMGZIU21AGFw=
github.com/fogfish/stream v1.2.1 h1:gq2qyGf8QUOck/AdavbAfylMLgS+P2QequS4vRY3RII=
github.com/fogfish/stream v1.2.1/go.mod h1:vDfks7/XR+oqfMDIJVKW8t2KmC2YPNZxv+gq1dlTaRY=
github.com/google/go-cmp v0.6.0 h1:ofyhxvXcZhMsU5ulbFiLKl/XBFqE1GSq7atu8tAmTRI=
github.com/google/go-cmp v0.6.0/go.mod h1:17dUlkBOakJ0+DkrSSNjCkIjxS6bF9zb3elmeNGIjoY=
github.com/mattn/go-colorable v0.1.13 h1:fFA4WZxdEF4tXPZVKMLwD8oUnCTTo08duU7wxecdEvA=
github.com/mattn/go-colorable v0.1.13/go.mod h1:7S9/ev0klgBDR4GtXTXX8a3vIGJpMovkB8vQcUbaXHg=
github.com/mattn/go-isatty v0.0.16/go.mod h1:kYGgaQfpe5nmfYZH+SKPsOc2e4SrIfOl2e/yFXSvRLM=
github.com/mattn/go-isatty v0.0.20 h1:xfD0iDuEKnDkl03q4limB+vH+GxLEtL/jb4xVJSWWEY=
github.com/mattn/go-isatty v0.0.20/go.mod h1:W+V8PltTTMOvKvAeJH7IuucS94S2C6jfK/D7dTCTo3Y=
github.com/pmezard/go-difflib v1.0.0 h1:4DBwDE0NGyQoBHbLQYPwSUPoCMWR5BEzIk/f1lZbAQM=
github.com/pmezard/go-difflib v1.0.0/go.mod h1:iKH77koFhYxTK1pcRnkKkqfTogsbg7gZNVY4sRDYZ/4=
github.com/stretchr/testify v1.9.0 h1:HtqpIVDClZ4nwg75+f6Lvsy/wHu+3BoSGCbBAcpTsTg=
github.com/stretchr/testify v1.9.0/go.mod h1:r2ic/lqez/lEtzL7wO/rwa5dbSLXVDPFyf8C91i36aY=
github.com/yuin/goldmark v1.4.13 h1:fVcFKWvrslecOb/tg+Cc05dkeYx540o0FuFt3nUVDoE=
github.com/yuin/goldmark v1.4.13/go.mod h1:6yULJ656Px+3vBD8DxQVa3kxgyrAnzto9xy5taEt/CY=
golang.org/x/crypto v0.0.0-20190308221718-c2843e01d9a2/go.mod h1:djNgcEr1/C05ACkg1iLfiJU5Ep61QUkGW8qpdssI0+w=
golang.org/x/crypto v0.0.0-20191011191535-87dc89f01550/go.mod h1:yigFU9vqHzYiE8UmvKecakEJjdnWj3jj499lnFckfCI=
golang.org/x/lint v0.0.0-20210508222113-6edffad5e616 h1:VLliZ0d+/avPrXXH+OakdXhpJuEoBZuwh1m2j7U6Iug=
golang.org/x/lint v0.0.0-20210508222113-6edffad5e616/go.mod h1:3xt1FjdF8hUf6vQPIChWIBhFzV8gjjsPE/fR3IyQdNY=
golang.org/x/mod v0.1.1-0.20191105210325-c90efee705ee/go.mod h1:QqPTAvyqsEbceGzBzNggFXnrqF1CaUcvgkdR5Ot7KZg=
golang.org/x/mod v0.20.0 h1:utOm6MM3R3dnawAiJgn0y+xvuYRsm1RKM/4giyfDgV0=
golang.org/x/mod v0.20.0/go.mod h1:hTbmBsO62+eylJbnUtE2MGJUyE7QWk4xUqPFrRgJ+7c=
golang.org/x/net v0.0.0-20190404232315-eb5bcb51f2a3/go.mod h1:t9HGtf8HONx5eT2rtn7q6eTqICYqUVnKs3thJo3Qplg=
golang.org/x/net v0.0.0-20190620200207-3b0461eec859/go.mod h1:z5CRVTTTmAJ677TzLLGU+0bjPO0LkuOLi4/5GtJWs/s=
golang.org/x/sync v0.0.0-20190423024810-112230192c58/go.mod h1:RxMgew5VJxzue5/jJTE5uejpjVlOe/izrB70Jof72aM=
golang.org/x/sync v0.8.0 h1:3NFvSEYkUoMifnESzZl15y791HH1qU2xm6eCJU5ZPXQ=
golang.org/x/sync v0.8.0/go.mod h1:Czt+wKu1gCyEFDUtn0jG5QVvpJ6rzVqr5aXyt9drQfk=
golang.org/x/sys v0.0.0-20190215142949-d0b11bdaac8a/go.mod h1:STP8DvDyc/dI5b8T5hshtkjS+E42TnysNCUPdjciGhY=
golang.org/x/sys v0.0.0-20190412213103-97732733099d/go.mod h1:h1NjWce9XRLGQEsW7wpKNCjG9DtNlClVuFLEZdDNbEs=
golang.org/x/sys v0.0.0-20220811171246-fbc7d0a398ab/go.mod h1:oPkhp1MJrh7nUepCBck5+mAzfO9JrbApNNgaTdGDITg=
golang.org/x/sys v0.6.0/go.mod h1:oPkhp1MJrh7nUepCBck5+mAzfO9JrbApNNgaTdGDITg=
golang.org/x/sys v0.23.0 h1:YfKFowiIMvtgl1UERQoTPPToxltDeZfbj4H7dVUCwmM=
golang.org/x/sys v0.23.0/go.mod h1:/VUhepiaJMQUp4+oa/7Zr1D23ma6VTLIYjOOTFZPUcA=
golang.org/x/text v0.3.0/go.mod h1:NqM8EUOU14njkJ3fqMW+pc6Ldnwhi/IjpwHt7yyuwOQ=
golang.org/x/tools v0.0.0-20200130002326-2f3ba24bd6e7/go.mod h1:TB2adYChydJhpapKDTa4BR/hXlZSLoq2Wpct/0txZ28=
golang.org/x/tools v0.24.0 h1:J1shsA93PJUEVaUSaay7UXAyE8aimq3GW0pjlolpa24=
golang.org/x/tools v0.24.0/go.mod h1:YhNqVBIfWHdzvTLs0d8LCuMhkKUgSUKldakyV7W/WDQ=
golang.org/x/xerrors v0.0.0-20191011141410-1b5146add898/go.mod h1:I/5z698sn9Ka8TeJc9MKroUUfqBBauWjQqLJ2OPfmY0=
gopkg.in/yaml.v3 v3.0.1 h1:fxVm/GzAzEWqLHuvctI91KS9hhNmmWOoWu0XTYJS7CA=
gopkg.in/yaml.v3 v3.0.1/go.mod h1:K4uyk7z7BCEPqu6E+C64Yfv1cQ7kz7rIZviUmN+EgEM=
