github.com/ajg/form v1.5.2-0.20200323032839-9aeb3cf462e1 h1:8Qzi+0Uch1VJvdrOhJ8U8FqoPLbUdETPgMqGJ6DSMSQ=
github.com/ajg/form v1.5.2-0.20200323032839-9aeb3cf462e1/go.mod h1:uL1WgH+h2mgNtvBq0339dVnzXdBETtL2LeUXaIv25UY=
github.com/fogfish/golem/hseq v1.2.0 h1:B6yrzOHQNoTqSlhLb+AvK7dhEAELjHThrCQTF/uqwbM=
github.com/fogfish/golem/hseq v1.2.0/go.mod h1:17XORt8nNKl6KOhF43MHSmjK8NksbkBsohAoJGiinUs=
github.com/fogfish/golem/optics v0.13.1 h1:gkvJ5f7/AXaL8EuHLu5dgE/BwUSg/WX50D7b8f4G+6s=
github.com/fogfish/golem/optics v0.13.1/go.mod h1:U1y90OVcXF/A61dIP3abQ0x2GweTmzVHPC15pv0pcM0=
github.com/fogfish/gurl/v2 v2.10.0 h1:91qNyuYG6H+qHEqrPIogct1e8WUeH/QUFWrBG7+u5i8=
github.com/fogfish/gurl/v2 v2.10.0/go.mod h1:7T4FFZiWmEXVYnTgSdqEbAM/bwPfWSkEYgaVAsVSIso=
github.com/fogfish/it/v2 v2.0.2 h1:UR6yVemf8zD3WVs6Bq0zE6LJwapZ8urv9zvU5VB5E6o=
github.com/fogfish/it/v2 v2.0.2/go.mod h1:HHwufnTaZTvlRVnSesPl49HzzlMrQtweKbf+8Co/ll4=
github.com/fogfish/opts v0.0.2 h1:Iro+QQHR/l6G5afX6N5TtqZtV+iVeUxJUOpW63gqhwk=
github.com/fogfish/opts v0.0.2/go.mod h1:fAM7yksrn+u5opbyAh2HiObd5Zx54WnSMGZIU21AGFw=
github.com/google/go-cmp v0.6.0 h1:ofyhxvXcZhMsU5ulbFiLKl/XBFqE1GSq7atu8tAmTRI=
github.com/google/go-cmp v0.6.0/go.mod h1:17dUlkBOakJ0+DkrSSNjCkIjxS6bF9zb3elmeNGIjoY=
github.com/jdxcode/netrc v1.0.0 h1:tJR3fyzTcjDi22t30pCdpOT8WJ5gb32zfYE1hFNCOjk=
github.com/jdxcode/netrc v1.0.0/go.mod h1:Zi/ZFkEqFHTm7qkjyNJjaWH4LQA9LQhGJyF0lTYGpxw=
github.com/kr/pty v1.1.1/go.mod h1:pFQYn66WHrOpPYNljwOMqo10TkYh1fy3cYio2l3bCsQ=
github.com/kr/text v0.1.0 h1:45sCR5RtlFHMR4UwH9sdQ5TC8v0qDQCHnXt+kaKSTVE=
github.com/kr/text v0.1.0/go.mod h1:4Jbv+DJW3UT/LiOwJeYQe1efqtUx/iVham/4vfdArNI=
github.com/kshard/chatter v0.1.0 h1:XHlLpxDsjNJWhIAj8J6odlu9FqZv97GoL5RyLc+w2rE=
github.com/kshard/chatter v0.1.0/go.mod h1:IOXYU/J6upIHn7fPW7A1noKYuBhEmDzDR7OitIJVLAo=
github.com/kshard/chatter v0.2.0 h1:wNgghwCR8h9x6Cr4S2onuxM3eOGGjLHwkQEWKQMygjs=
github.com/kshard/chatter v0.2.0/go.mod h1:Pwbm1klpVVRIe/uII+95cpf31dVE4gRz21XZUMpX5n8=
github.com/niemeyer/pretty v0.0.0-20200227124842-a10e7caefd8e h1:fD57ERR4JtEqsWbfPhv4DMiApHyliiK5xCTNVSPiaAs=
github.com/niemeyer/pretty v0.0.0-20200227124842-a10e7caefd8e/go.mod h1:zD1mROLANZcx1PVRCS0qkT7pwLkGfwJo4zjcN/Tysno=
golang.org/x/net v0.17.0 h1:pVaXccu2ozPjCXewfr1S7xza/zcXTity9cCdXQYSjIM=
golang.org/x/net v0.17.0/go.mod h1:NxSsAGuq816PNPmqtQdLE42eU2Fs7NoRIZrHJAlaCOE=
gopkg.in/check.v1 v1.0.0-20200902074654-038fdea0a05b h1:QRR6H1YWRnHb4Y/HeNFCTJLFVxaq6wH4YuVdsUOr75U=
gopkg.in/check.v1 v1.0.0-20200902074654-038fdea0a05b/go.mod h1:Co6ibVJAznAaIkqp8huTwlJQCZ016jof/cbN4VW5Yz0=
